
Microsoft Visual Studio Solution File, Format Version 12.00
# Visual Studio Version 16
VisualStudioVersion = 16.0.29609.76
MinimumVisualStudioVersion = 10.0.40219.1
Project("{FAE04EC0-301F-11D3-BF4B-00C04F79EFBC}") = "ImageTest", "ImageTest\ImageTest.csproj", "{AB3E16E4-65D1-4C88-A54A-1BE671F4765F}"
EndProject
Project("{FAE04EC0-301F-11D3-BF4B-00C04F79EFBC}") = "PictureEngine", "PictureEngine\PictureEngine.csproj", "{84ED91F9-0176-44DC-A31D-D0159C8D98DE}"
EndProject
Project("{FAE04EC0-301F-11D3-BF4B-00C04F79EFBC}") = "ImagePS4", "ImagePS4\ImagePS4.csproj", "{2F2AE70F-6E37-467B-82FF-A93050136805}"
EndProject
Project("{FAE04EC0-301F-11D3-BF4B-00C04F79EFBC}") = "Test", "Test\Test.csproj", "{FE5F4FEF-956F-4FDE-BDDD-136AEC70E790}"
EndProject
Project("{FAE04EC0-301F-11D3-BF4B-00C04F79EFBC}") = "ImagePS42", "ImagePS42\ImagePS42.csproj", "{B9B68FB5-8D4A-4B50-BEA1-F83B36B9C298}"
EndProject
Global
	GlobalSection(SolutionConfigurationPlatforms) = preSolution
		Debug|Any CPU = Debug|Any CPU
		Release|Any CPU = Release|Any CPU
	EndGlobalSection
	GlobalSection(ProjectConfigurationPlatforms) = postSolution
		{AB3E16E4-65D1-4C88-A54A-1BE671F4765F}.Debug|Any CPU.ActiveCfg = Debug|Any CPU
		{AB3E16E4-65D1-4C88-A54A-1BE671F4765F}.Debug|Any CPU.Build.0 = Debug|Any CPU
		{AB3E16E4-65D1-4C88-A54A-1BE671F4765F}.Release|Any CPU.ActiveCfg = Release|Any CPU
		{AB3E16E4-65D1-4C88-A54A-1BE671F4765F}.Release|Any CPU.Build.0 = Release|Any CPU
		{84ED91F9-0176-44DC-A31D-D0159C8D98DE}.Debug|Any CPU.ActiveCfg = Debug|Any CPU
		{84ED91F9-0176-44DC-A31D-D0159C8D98DE}.Debug|Any CPU.Build.0 = Debug|Any CPU
		{84ED91F9-0176-44DC-A31D-D0159C8D98DE}.Release|Any CPU.ActiveCfg = Release|Any CPU
		{84ED91F9-0176-44DC-A31D-D0159C8D98DE}.Release|Any CPU.Build.0 = Release|Any CPU
		{2F2AE70F-6E37-467B-82FF-A93050136805}.Debug|Any CPU.ActiveCfg = Debug|Any CPU
		{2F2AE70F-6E37-467B-82FF-A93050136805}.Debug|Any CPU.Build.0 = Debug|Any CPU
		{2F2AE70F-6E37-467B-82FF-A93050136805}.Release|Any CPU.ActiveCfg = Release|Any CPU
		{2F2AE70F-6E37-467B-82FF-A93050136805}.Release|Any CPU.Build.0 = Release|Any CPU
		{FE5F4FEF-956F-4FDE-BDDD-136AEC70E790}.Debug|Any CPU.ActiveCfg = Debug|Any CPU
		{FE5F4FEF-956F-4FDE-BDDD-136AEC70E790}.Debug|Any CPU.Build.0 = Debug|Any CPU
		{FE5F4FEF-956F-4FDE-BDDD-136AEC70E790}.Release|Any CPU.ActiveCfg = Release|Any CPU
		{FE5F4FEF-956F-4FDE-BDDD-136AEC70E790}.Release|Any CPU.Build.0 = Release|Any CPU
		{B9B68FB5-8D4A-4B50-BEA1-F83B36B9C298}.Debug|Any CPU.ActiveCfg = Debug|Any CPU
		{B9B68FB5-8D4A-4B50-BEA1-F83B36B9C298}.Debug|Any CPU.Build.0 = Debug|Any CPU
		{B9B68FB5-8D4A-4B50-BEA1-F83B36B9C298}.Release|Any CPU.ActiveCfg = Release|Any CPU
		{B9B68FB5-8D4A-4B50-BEA1-F83B36B9C298}.Release|Any CPU.Build.0 = Release|Any CPU
	EndGlobalSection
	GlobalSection(SolutionProperties) = preSolution
		HideSolutionNode = FALSE
	EndGlobalSection
	GlobalSection(ExtensibilityGlobals) = postSolution
		SolutionGuid = {88CA18E7-71DE-43F6-BE92-21B13D1713CF}
	EndGlobalSection
EndGlobal
